// !$*UTF8*$!
{
	archiveVersion = 1;
	classes = {
	};
	objectVersion = 46;
	objects = {

/* Begin PBXBuildFile section */
		39364DCD1CF58A5900B5B674 /* main.m in Sources */ = {isa = PBXBuildFile; fileRef = 39364DCC1CF58A5900B5B674 /* main.m */; };
		39364DD01CF58A5900B5B674 /* AppDelegate.m in Sources */ = {isa = PBXBuildFile; fileRef = 39364DCF1CF58A5900B5B674 /* AppDelegate.m */; };
		39364DD31CF58A5900B5B674 /* ViewController.m in Sources */ = {isa = PBXBuildFile; fileRef = 39364DD21CF58A5900B5B674 /* ViewController.m */; };
		39364DD61CF58A5900B5B674 /* Main.storyboard in Resources */ = {isa = PBXBuildFile; fileRef = 39364DD41CF58A5900B5B674 /* Main.storyboard */; };
		39364DD81CF58A5900B5B674 /* Assets.xcassets in Resources */ = {isa = PBXBuildFile; fileRef = 39364DD71CF58A5900B5B674 /* Assets.xcassets */; };
		39364DDB1CF58A5900B5B674 /* LaunchScreen.storyboard in Resources */ = {isa = PBXBuildFile; fileRef = 39364DD91CF58A5900B5B674 /* LaunchScreen.storyboard */; };
/* End PBXBuildFile section */

/* Begin PBXFileReference section */
		39364DC81CF58A5800B5B674 /* turtle.app */ = {isa = PBXFileReference; explicitFileType = wrapper.application; includeInIndex = 0; path = turtle.app; sourceTree = BUILT_PRODUCTS_DIR; };
		39364DCC1CF58A5900B5B674 /* main.m */ = {isa = PBXFileReference; lastKnownFileType = sourcecode.c.objc; path = main.m; sourceTree = "<group>"; };
		39364DCE1CF58A5900B5B674 /* AppDelegate.h */ = {isa = PBXFileReference; lastKnownFileType = sourcecode.c.h; path = AppDelegate.h; sourceTree = "<group>"; };
		39364DCF1CF58A5900B5B674 /* AppDelegate.m */ = {isa = PBXFileReference; lastKnownFileType = sourcecode.c.objc; path = AppDelegate.m; sourceTree = "<group>"; };
		39364DD11CF58A5900B5B674 /* ViewController.h */ = {isa = PBXFileReference; lastKnownFileType = sourcecode.c.h; path = ViewController.h; sourceTree = "<group>"; };
		39364DD21CF58A5900B5B674 /* ViewController.m */ = {isa = PBXFileReference; lastKnownFileType = sourcecode.c.objc; path = ViewController.m; sourceTree = "<group>"; };
		39364DD51CF58A5900B5B674 /* Base */ = {isa = PBXFileReference; lastKnownFileType = file.storyboard; name = Base; path = Base.lproj/Main.storyboard; sourceTree = "<group>"; };
		39364DD71CF58A5900B5B674 /* Assets.xcassets */ = {isa = PBXFileReference; lastKnownFileType = folder.assetcatalog; path = Assets.xcassets; sourceTree = "<group>"; };
		39364DDA1CF58A5900B5B674 /* Base */ = {isa = PBXFileReference; lastKnownFileType = file.storyboard; name = Base; path = Base.lproj/LaunchScreen.storyboard; sourceTree = "<group>"; };
		39364DDC1CF58A5900B5B674 /* Info.plist */ = {isa = PBXFileReference; lastKnownFileType = text.plist.xml; path = Info.plist; sourceTree = "<group>"; };
/* End PBXFileReference section */

/* Begin PBXFrameworksBuildPhase section */
		39364DC51CF58A5800B5B674 /* Frameworks */ = {
			isa = PBXFrameworksBuildPhase;
			buildActionMask = 2147483647;
			files = (
			);
			runOnlyForDeploymentPostprocessing = 0;
		};
/* End PBXFrameworksBuildPhase section */

/* Begin PBXGroup section */
		39364DBF1CF58A5800B5B674 = {
			isa = PBXGroup;
			children = (
				39364DCA1CF58A5900B5B674 /* turtle */,
				39364DC91CF58A5800B5B674 /* Products */,
			);
			sourceTree = "<group>";
		};
		39364DC91CF58A5800B5B674 /* Products */ = {
			isa = PBXGroup;
			children = (
				39364DC81CF58A5800B5B674 /* turtle.app */,
			);
			name = Products;
			sourceTree = "<group>";
		};
		39364DCA1CF58A5900B5B674 /* turtle */ = {
			isa = PBXGroup;
			children = (
				39364DCE1CF58A5900B5B674 /* AppDelegate.h */,
				39364DCF1CF58A5900B5B674 /* AppDelegate.m */,
				39364DD11CF58A5900B5B674 /* ViewController.h */,
				39364DD21CF58A5900B5B674 /* ViewController.m */,
				39364DD41CF58A5900B5B674 /* Main.storyboard */,
				39364DD71CF58A5900B5B674 /* Assets.xcassets */,
				39364DD91CF58A5900B5B674 /* LaunchScreen.storyboard */,
				39364DDC1CF58A5900B5B674 /* Info.plist */,
				39364DCB1CF58A5900B5B674 /* Supporting Files */,
			);
			path = turtle;
			sourceTree = "<group>";
		};
		39364DCB1CF58A5900B5B674 /* Supporting Files */ = {
			isa = PBXGroup;
			children = (
				39364DCC1CF58A5900B5B674 /* main.m */,
			);
			name = "Supporting Files";
			sourceTree = "<group>";
		};
/* End PBXGroup section */

/* Begin PBXNativeTarget section */
		39364DC71CF58A5800B5B674 /* turtle */ = {
			isa = PBXNativeTarget;
			buildConfigurationList = 39364DDF1CF58A5900B5B674 /* Build configuration list for PBXNativeTarget "turtle" */;
			buildPhases = (
				39364DC41CF58A5800B5B674 /* Sources */,
				39364DC51CF58A5800B5B674 /* Frameworks */,
				39364DC61CF58A5800B5B674 /* Resources */,
			);
			buildRules = (
			);
			dependencies = (
			);
			name = turtle;
			productName = turtle;
			productReference = 39364DC81CF58A5800B5B674 /* turtle.app */;
			productType = "com.apple.product-type.application";
		};
/* End PBXNativeTarget section */

/* Begin PBXProject section */
		39364DC01CF58A5800B5B674 /* Project object */ = {
			isa = PBXProject;
			attributes = {
				LastUpgradeCheck = 0730;
				ORGANIZATIONNAME = turtle;
				TargetAttributes = {
					39364DC71CF58A5800B5B674 = {
						CreatedOnToolsVersion = 7.3.1;
					};
				};
			};
			buildConfigurationList = 39364DC31CF58A5800B5B674 /* Build configuration list for PBXProject "turtle" */;
			compatibilityVersion = "Xcode 3.2";
			developmentRegion = English;
			hasScannedForEncodings = 0;
			knownRegions = (
				en,
				Base,
			);
			mainGroup = 39364DBF1CF58A5800B5B674;
			productRefGroup = 39364DC91CF58A5800B5B674 /* Products */;
			projectDirPath = "";
			projectRoot = "";
			targets = (
				39364DC71CF58A5800B5B674 /* turtle */,
			);
		};
/* End PBXProject section */

/* Begin PBXResourcesBuildPhase section */
		39364DC61CF58A5800B5B674 /* Resources */ = {
			isa = PBXResourcesBuildPhase;
			buildActionMask = 2147483647;
			files = (
				39364DDB1CF58A5900B5B674 /* LaunchScreen.storyboard in Resources */,
				39364DD81CF58A5900B5B674 /* Assets.xcassets in Resources */,
				39364DD61CF58A5900B5B674 /* Main.storyboard in Resources */,
			);
			runOnlyForDeploymentPostprocessing = 0;
		};
/* End PBXResourcesBuildPhase section */

/* Begin PBXSourcesBuildPhase section */
		39364DC41CF58A5800B5B674 /* Sources */ = {
			isa = PBXSourcesBuildPhase;
			buildActionMask = 2147483647;
			files = (
				39364DD31CF58A5900B5B674 /* ViewController.m in Sources */,
				39364DD01CF58A5900B5B674 /* AppDelegate.m in Sources */,
				39364DCD1CF58A5900B5B674 /* main.m in Sources */,
			);
			runOnlyForDeploymentPostprocessing = 0;
		};
/* End PBXSourcesBuildPhase section */

/* Begin PBXVariantGroup section */
		39364DD41CF58A5900B5B674 /* Main.storyboard */ = {
			isa = PBXVariantGroup;
			children = (
				39364DD51CF58A5900B5B674 /* Base */,
			);
			name = Main.storyboard;
			sourceTree = "<group>";
		};
		39364DD91CF58A5900B5B674 /* LaunchScreen.storyboard */ = {
			isa = PBXVariantGroup;
			children = (
				39364DDA1CF58A5900B5B674 /* Base */,
			);
			name = LaunchScreen.storyboard;
			sourceTree = "<group>";
		};
/* End PBXVariantGroup section */

/* Begin XCBuildConfiguration section */
		39364DDD1CF58A5900B5B674 /* Debug */ = {
			isa = XCBuildConfiguration;
			buildSettings = {
				ALWAYS_SEARCH_USER_PATHS = NO;
				CLANG_ANALYZER_NONNULL = YES;
				CLANG_CXX_LANGUAGE_STANDARD = "gnu++0x";
				CLANG_CXX_LIBRARY = "libc++";
				CLANG_ENABLE_MODULES = YES;
				CLANG_ENABLE_OBJC_ARC = YES;
				CLANG_WARN_BOOL_CONVERSION = YES;
				CLANG_WARN_CONSTANT_CONVERSION = YES;
				CLANG_WARN_DIRECT_OBJC_ISA_USAGE = YES_ERROR;
				CLANG_WARN_EMPTY_BODY = YES;
				CLANG_WARN_ENUM_CONVERSION = YES;
				CLANG_WARN_INT_CONVERSION = YES;
				CLANG_WARN_OBJC_ROOT_CLASS = YES_ERROR;
				CLANG_WARN_UNREACHABLE_CODE = YES;
				CLANG_WARN__DUPLICATE_METHOD_MATCH = YES;
				"CODE_SIGN_IDENTITY[sdk=iphoneos*]" = "iPhone Developer";
				COPY_PHASE_STRIP = NO;
				DEBUG_INFORMATION_FORMAT = dwarf;
				ENABLE_STRICT_OBJC_MSGSEND = YES;
				ENABLE_TESTABILITY = YES;
				GCC_C_LANGUAGE_STANDARD = gnu99;
				GCC_DYNAMIC_NO_PIC = NO;
				GCC_NO_COMMON_BLOCKS = YES;
				GCC_OPTIMIZATION_LEVEL = 0;
				GCC_PREPROCESSOR_DEFINITIONS = (
					"DEBUG=1",
					"$(inherited)",
				);
				GCC_WARN_64_TO_32_BIT_CONVERSION = YES;
				GCC_WARN_ABOUT_RETURN_TYPE = YES_ERROR;
				GCC_WARN_UNDECLARED_SELECTOR = YES;
				GCC_WARN_UNINITIALIZED_AUTOS = YES_AGGRESSIVE;
				GCC_WARN_UNUSED_FUNCTION = YES;
				GCC_WARN_UNUSED_VARIABLE = YES;
				IPHONEOS_DEPLOYMENT_TARGET = 9.3;
				MTL_ENABLE_DEBUG_INFO = YES;
				ONLY_ACTIVE_ARCH = YES;
				SDKROOT = iphoneos;
				TARGETED_DEVICE_FAMILY = "1,2";
			};
			name = Debug;
		};
		39364DDE1CF58A5900B5B674 /* Release */ = {
			isa = XCBuildConfiguration;
			buildSettings = {
				ALWAYS_SEARCH_USER_PATHS = NO;
				CLANG_ANALYZER_NONNULL = YES;
				CLANG_CXX_LANGUAGE_STANDARD = "gnu++0x";
				CLANG_CXX_LIBRARY = "libc++";
				CLANG_ENABLE_MODULES = YES;
				CLANG_ENABLE_OBJC_ARC = YES;
				CLANG_WARN_BOOL_CONVERSION = YES;
				CLANG_WARN_CONSTANT_CONVERSION = YES;
				CLANG_WARN_DIRECT_OBJC_ISA_USAGE = YES_ERROR;
				CLANG_WARN_EMPTY_BODY = YES;
				CLANG_WARN_ENUM_CONVERSION = YES;
				CLANG_WARN_INT_CONVERSION = YES;
				CLANG_WARN_OBJC_ROOT_CLASS = YES_ERROR;
				CLANG_WARN_UNREACHABLE_CODE = YES;
				CLANG_WARN__DUPLICATE_METHOD_MATCH = YES;
				"CODE_SIGN_IDENTITY[sdk=iphoneos*]" = "iPhone Developer";
				COPY_PHASE_STRIP = NO;
				DEBUG_INFORMATION_FORMAT = "dwarf-with-dsym";
				ENABLE_NS_ASSERTIONS = NO;
				ENABLE_STRICT_OBJC_MSGSEND = YES;
				GCC_C_LANGUAGE_STANDARD = gnu99;
				GCC_NO_COMMON_BLOCKS = YES;
				GCC_WARN_64_TO_32_BIT_CONVERSION = YES;
				GCC_WARN_ABOUT_RETURN_TYPE = YES_ERROR;
				GCC_WARN_UNDECLARED_SELECTOR = YES;
				GCC_WARN_UNINITIALIZED_AUTOS = YES_AGGRESSIVE;
				GCC_WARN_UNUSED_FUNCTION = YES;
				GCC_WARN_UNUSED_VARIABLE = YES;
				IPHONEOS_DEPLOYMENT_TARGET = 9.3;
				MTL_ENABLE_DEBUG_INFO = NO;
				SDKROOT = iphoneos;
				TARGETED_DEVICE_FAMILY = "1,2";
				VALIDATE_PRODUCT = YES;
			};
			name = Release;
		};
		39364DE01CF58A5900B5B674 /* Debug */ = {
			isa = XCBuildConfiguration;
			buildSettings = {
				ASSETCATALOG_COMPILER_APPICON_NAME = AppIcon;
				INFOPLIST_FILE = turtle/Info.plist;
				LD_RUNPATH_SEARCH_PATHS = "$(inherited) @executable_path/Frameworks";
				PRODUCT_BUNDLE_IDENTIFIER = turtle.turtle;
				PRODUCT_NAME = "$(TARGET_NAME)";
			};
			name = Debug;
		};
		39364DE11CF58A5900B5B674 /* Release */ = {
			isa = XCBuildConfiguration;
			buildSettings = {
				ASSETCATALOG_COMPILER_APPICON_NAME = AppIcon;
				INFOPLIST_FILE = turtle/Info.plist;
				LD_RUNPATH_SEARCH_PATHS = "$(inherited) @executable_path/Frameworks";
				PRODUCT_BUNDLE_IDENTIFIER = turtle.turtle;
				PRODUCT_NAME = "$(TARGET_NAME)";
			};
			name = Release;
		};
/* End XCBuildConfiguration section */

/* Begin XCConfigurationList section */
		39364DC31CF58A5800B5B674 /* Build configuration list for PBXProject "turtle" */ = {
			isa = XCConfigurationList;
			buildConfigurations = (
				39364DDD1CF58A5900B5B674 /* Debug */,
				39364DDE1CF58A5900B5B674 /* Release */,
			);
			defaultConfigurationIsVisible = 0;
			defaultConfigurationName = Release;
		};
		39364DDF1CF58A5900B5B674 /* Build configuration list for PBXNativeTarget "turtle" */ = {
			isa = XCConfigurationList;
			buildConfigurations = (
				39364DE01CF58A5900B5B674 /* Debug */,
				39364DE11CF58A5900B5B674 /* Release */,
			);
			defaultConfigurationIsVisible = 0;
		};
/* End XCConfigurationList section */
	};
	rootObject = 39364DC01CF58A5800B5B674 /* Project object */;
}
